// !$*UTF8*$!
{
	archiveVersion = 1;
	classes = {
	};
	objectVersion = 48;
	objects = {

/* Begin PBXBuildFile section */
		0A234FDE2180CD50006ED1C2 /* AppDelegate.swift in Sources */ = {isa = PBXBuildFile; fileRef = 0A234FDD2180CD50006ED1C2 /* AppDelegate.swift */; };
		0A234FE02180CD50006ED1C2 /* ViewController.swift in Sources */ = {isa = PBXBuildFile; fileRef = 0A234FDF2180CD50006ED1C2 /* ViewController.swift */; };
		0A234FE32180CD50006ED1C2 /* Main.storyboard in Resources */ = {isa = PBXBuildFile; fileRef = 0A234FE12180CD50006ED1C2 /* Main.storyboard */; };
		0A234FE52180CD50006ED1C2 /* Assets.xcassets in Resources */ = {isa = PBXBuildFile; fileRef = 0A234FE42180CD50006ED1C2 /* Assets.xcassets */; };
		0A234FE82180CD50006ED1C2 /* LaunchScreen.storyboard in Resources */ = {isa = PBXBuildFile; fileRef = 0A234FE62180CD50006ED1C2 /* LaunchScreen.storyboard */; };
		0A234FF32180CD50006ED1C2 /* dic_test2Tests.swift in Sources */ = {isa = PBXBuildFile; fileRef = 0A234FF22180CD50006ED1C2 /* dic_test2Tests.swift */; };
		0A234FFE2180CD50006ED1C2 /* dic_test2UITests.swift in Sources */ = {isa = PBXBuildFile; fileRef = 0A234FFD2180CD50006ED1C2 /* dic_test2UITests.swift */; };
		0A23500C2180CD7E006ED1C2 /* book.xml in Resources */ = {isa = PBXBuildFile; fileRef = 0A23500B2180CD7E006ED1C2 /* book.xml */; };
/* End PBXBuildFile section */

/* Begin PBXContainerItemProxy section */
		0A234FEF2180CD50006ED1C2 /* PBXContainerItemProxy */ = {
			isa = PBXContainerItemProxy;
			containerPortal = 0A234FD22180CD50006ED1C2 /* Project object */;
			proxyType = 1;
			remoteGlobalIDString = 0A234FD92180CD50006ED1C2;
			remoteInfo = dic_test2;
		};
		0A234FFA2180CD50006ED1C2 /* PBXContainerItemProxy */ = {
			isa = PBXContainerItemProxy;
			containerPortal = 0A234FD22180CD50006ED1C2 /* Project object */;
			proxyType = 1;
			remoteGlobalIDString = 0A234FD92180CD50006ED1C2;
			remoteInfo = dic_test2;
		};
/* End PBXContainerItemProxy section */

/* Begin PBXFileReference section */
		0A234FDA2180CD50006ED1C2 /* dic_test2.app */ = {isa = PBXFileReference; explicitFileType = wrapper.application; includeInIndex = 0; path = dic_test2.app; sourceTree = BUILT_PRODUCTS_DIR; };
		0A234FDD2180CD50006ED1C2 /* AppDelegate.swift */ = {isa = PBXFileReference; lastKnownFileType = sourcecode.swift; path = AppDelegate.swift; sourceTree = "<group>"; };
		0A234FDF2180CD50006ED1C2 /* ViewController.swift */ = {isa = PBXFileReference; lastKnownFileType = sourcecode.swift; path = ViewController.swift; sourceTree = "<group>"; };
		0A234FE22180CD50006ED1C2 /* Base */ = {isa = PBXFileReference; lastKnownFileType = file.storyboard; name = Base; path = Base.lproj/Main.storyboard; sourceTree = "<group>"; };
		0A234FE42180CD50006ED1C2 /* Assets.xcassets */ = {isa = PBXFileReference; lastKnownFileType = folder.assetcatalog; path = Assets.xcassets; sourceTree = "<group>"; };
		0A234FE72180CD50006ED1C2 /* Base */ = {isa = PBXFileReference; lastKnownFileType = file.storyboard; name = Base; path = Base.lproj/LaunchScreen.storyboard; sourceTree = "<group>"; };
		0A234FE92180CD50006ED1C2 /* Info.plist */ = {isa = PBXFileReference; lastKnownFileType = text.plist.xml; path = Info.plist; sourceTree = "<group>"; };
		0A234FEE2180CD50006ED1C2 /* dic_test2Tests.xctest */ = {isa = PBXFileReference; explicitFileType = wrapper.cfbundle; includeInIndex = 0; path = dic_test2Tests.xctest; sourceTree = BUILT_PRODUCTS_DIR; };
		0A234FF22180CD50006ED1C2 /* dic_test2Tests.swift */ = {isa = PBXFileReference; lastKnownFileType = sourcecode.swift; path = dic_test2Tests.swift; sourceTree = "<group>"; };
		0A234FF42180CD50006ED1C2 /* Info.plist */ = {isa = PBXFileReference; lastKnownFileType = text.plist.xml; path = Info.plist; sourceTree = "<group>"; };
		0A234FF92180CD50006ED1C2 /* dic_test2UITests.xctest */ = {isa = PBXFileReference; explicitFileType = wrapper.cfbundle; includeInIndex = 0; path = dic_test2UITests.xctest; sourceTree = BUILT_PRODUCTS_DIR; };
		0A234FFD2180CD50006ED1C2 /* dic_test2UITests.swift */ = {isa = PBXFileReference; lastKnownFileType = sourcecode.swift; path = dic_test2UITests.swift; sourceTree = "<group>"; };
		0A234FFF2180CD50006ED1C2 /* Info.plist */ = {isa = PBXFileReference; lastKnownFileType = text.plist.xml; path = Info.plist; sourceTree = "<group>"; };
		0A23500B2180CD7E006ED1C2 /* book.xml */ = {isa = PBXFileReference; lastKnownFileType = text.xml; path = book.xml; sourceTree = "<group>"; };
/* End PBXFileReference section */

/* Begin PBXFrameworksBuildPhase section */
		0A234FD72180CD50006ED1C2 /* Frameworks */ = {
			isa = PBXFrameworksBuildPhase;
			buildActionMask = 2147483647;
			files = (
			);
			runOnlyForDeploymentPostprocessing = 0;
		};
		0A234FEB2180CD50006ED1C2 /* Frameworks */ = {
			isa = PBXFrameworksBuildPhase;
			buildActionMask = 2147483647;
			files = (
			);
			runOnlyForDeploymentPostprocessing = 0;
		};
		0A234FF62180CD50006ED1C2 /* Frameworks */ = {
			isa = PBXFrameworksBuildPhase;
			buildActionMask = 2147483647;
			files = (
			);
			runOnlyForDeploymentPostprocessing = 0;
		};
/* End PBXFrameworksBuildPhase section */

/* Begin PBXGroup section */
		0A234FD12180CD50006ED1C2 = {
			isa = PBXGroup;
			children = (
				0A234FDC2180CD50006ED1C2 /* dic_test2 */,
				0A234FF12180CD50006ED1C2 /* dic_test2Tests */,
				0A234FFC2180CD50006ED1C2 /* dic_test2UITests */,
				0A234FDB2180CD50006ED1C2 /* Products */,
			);
			sourceTree = "<group>";
		};
		0A234FDB2180CD50006ED1C2 /* Products */ = {
			isa = PBXGroup;
			children = (
				0A234FDA2180CD50006ED1C2 /* dic_test2.app */,
				0A234FEE2180CD50006ED1C2 /* dic_test2Tests.xctest */,
				0A234FF92180CD50006ED1C2 /* dic_test2UITests.xctest */,
			);
			name = Products;
			sourceTree = "<group>";
		};
		0A234FDC2180CD50006ED1C2 /* dic_test2 */ = {
			isa = PBXGroup;
			children = (
				0A23500B2180CD7E006ED1C2 /* book.xml */,
				0A234FDD2180CD50006ED1C2 /* AppDelegate.swift */,
				0A234FDF2180CD50006ED1C2 /* ViewController.swift */,
				0A234FE12180CD50006ED1C2 /* Main.storyboard */,
				0A234FE42180CD50006ED1C2 /* Assets.xcassets */,
				0A234FE62180CD50006ED1C2 /* LaunchScreen.storyboard */,
				0A234FE92180CD50006ED1C2 /* Info.plist */,
			);
			path = dic_test2;
			sourceTree = "<group>";
		};
		0A234FF12180CD50006ED1C2 /* dic_test2Tests */ = {
			isa = PBXGroup;
			children = (
				0A234FF22180CD50006ED1C2 /* dic_test2Tests.swift */,
				0A234FF42180CD50006ED1C2 /* Info.plist */,
			);
			path = dic_test2Tests;
			sourceTree = "<group>";
		};
		0A234FFC2180CD50006ED1C2 /* dic_test2UITests */ = {
			isa = PBXGroup;
			children = (
				0A234FFD2180CD50006ED1C2 /* dic_test2UITests.swift */,
				0A234FFF2180CD50006ED1C2 /* Info.plist */,
			);
			path = dic_test2UITests;
			sourceTree = "<group>";
		};
/* End PBXGroup section */

/* Begin PBXNativeTarget section */
		0A234FD92180CD50006ED1C2 /* dic_test2 */ = {
			isa = PBXNativeTarget;
			buildConfigurationList = 0A2350022180CD50006ED1C2 /* Build configuration list for PBXNativeTarget "dic_test2" */;
			buildPhases = (
				0A234FD62180CD50006ED1C2 /* Sources */,
				0A234FD72180CD50006ED1C2 /* Frameworks */,
				0A234FD82180CD50006ED1C2 /* Resources */,
			);
			buildRules = (
			);
			dependencies = (
			);
			name = dic_test2;
			productName = dic_test2;
			productReference = 0A234FDA2180CD50006ED1C2 /* dic_test2.app */;
			productType = "com.apple.product-type.application";
		};
		0A234FED2180CD50006ED1C2 /* dic_test2Tests */ = {
			isa = PBXNativeTarget;
			buildConfigurationList = 0A2350052180CD50006ED1C2 /* Build configuration list for PBXNativeTarget "dic_test2Tests" */;
			buildPhases = (
				0A234FEA2180CD50006ED1C2 /* Sources */,
				0A234FEB2180CD50006ED1C2 /* Frameworks */,
				0A234FEC2180CD50006ED1C2 /* Resources */,
			);
			buildRules = (
			);
			dependencies = (
				0A234FF02180CD50006ED1C2 /* PBXTargetDependency */,
			);
			name = dic_test2Tests;
			productName = dic_test2Tests;
			productReference = 0A234FEE2180CD50006ED1C2 /* dic_test2Tests.xctest */;
			productType = "com.apple.product-type.bundle.unit-test";
		};
		0A234FF82180CD50006ED1C2 /* dic_test2UITests */ = {
			isa = PBXNativeTarget;
			buildConfigurationList = 0A2350082180CD50006ED1C2 /* Build configuration list for PBXNativeTarget "dic_test2UITests" */;
			buildPhases = (
				0A234FF52180CD50006ED1C2 /* Sources */,
				0A234FF62180CD50006ED1C2 /* Frameworks */,
				0A234FF72180CD50006ED1C2 /* Resources */,
			);
			buildRules = (
			);
			dependencies = (
				0A234FFB2180CD50006ED1C2 /* PBXTargetDependency */,
			);
			name = dic_test2UITests;
			productName = dic_test2UITests;
			productReference = 0A234FF92180CD50006ED1C2 /* dic_test2UITests.xctest */;
			productType = "com.apple.product-type.bundle.ui-testing";
		};
/* End PBXNativeTarget section */

/* Begin PBXProject section */
		0A234FD22180CD50006ED1C2 /* Project object */ = {
			isa = PBXProject;
			attributes = {
				LastSwiftUpdateCheck = 0920;
				LastUpgradeCheck = 0920;
				ORGANIZATIONNAME = ksh;
				TargetAttributes = {
					0A234FD92180CD50006ED1C2 = {
						CreatedOnToolsVersion = 9.2;
						ProvisioningStyle = Automatic;
					};
					0A234FED2180CD50006ED1C2 = {
						CreatedOnToolsVersion = 9.2;
						ProvisioningStyle = Automatic;
						TestTargetID = 0A234FD92180CD50006ED1C2;
					};
					0A234FF82180CD50006ED1C2 = {
						CreatedOnToolsVersion = 9.2;
						ProvisioningStyle = Automatic;
						TestTargetID = 0A234FD92180CD50006ED1C2;
					};
				};
			};
			buildConfigurationList = 0A234FD52180CD50006ED1C2 /* Build configuration list for PBXProject "dic_test2" */;
			compatibilityVersion = "Xcode 8.0";
			developmentRegion = en;
			hasScannedForEncodings = 0;
			knownRegions = (
				en,
				Base,
			);
			mainGroup = 0A234FD12180CD50006ED1C2;
			productRefGroup = 0A234FDB2180CD50006ED1C2 /* Products */;
			projectDirPath = "";
			projectRoot = "";
			targets = (
				0A234FD92180CD50006ED1C2 /* dic_test2 */,
				0A234FED2180CD50006ED1C2 /* dic_test2Tests */,
				0A234FF82180CD50006ED1C2 /* dic_test2UITests */,
			);
		};
/* End PBXProject section */

/* Begin PBXResourcesBuildPhase section */
		0A234FD82180CD50006ED1C2 /* Resources */ = {
			isa = PBXResourcesBuildPhase;
			buildActionMask = 2147483647;
			files = (
				0A234FE82180CD50006ED1C2 /* LaunchScreen.storyboard in Resources */,
				0A234FE52180CD50006ED1C2 /* Assets.xcassets in Resources */,
				0A23500C2180CD7E006ED1C2 /* book.xml in Resources */,
				0A234FE32180CD50006ED1C2 /* Main.storyboard in Resources */,
			);
			runOnlyForDeploymentPostprocessing = 0;
		};
		0A234FEC2180CD50006ED1C2 /* Resources */ = {
			isa = PBXResourcesBuildPhase;
			buildActionMask = 2147483647;
			files = (
			);
			runOnlyForDeploymentPostprocessing = 0;
		};
		0A234FF72180CD50006ED1C2 /* Resources */ = {
			isa = PBXResourcesBuildPhase;
			buildActionMask = 2147483647;
			files = (
			);
			runOnlyForDeploymentPostprocessing = 0;
		};
/* End PBXResourcesBuildPhase section */

/* Begin PBXSourcesBuildPhase section */
		0A234FD62180CD50006ED1C2 /* Sources */ = {
			isa = PBXSourcesBuildPhase;
			buildActionMask = 2147483647;
			files = (
				0A234FE02180CD50006ED1C2 /* ViewController.swift in Sources */,
				0A234FDE2180CD50006ED1C2 /* AppDelegate.swift in Sources */,
			);
			runOnlyForDeploymentPostprocessing = 0;
		};
		0A234FEA2180CD50006ED1C2 /* Sources */ = {
			isa = PBXSourcesBuildPhase;
			buildActionMask = 2147483647;
			files = (
				0A234FF32180CD50006ED1C2 /* dic_test2Tests.swift in Sources */,
			);
			runOnlyForDeploymentPostprocessing = 0;
		};
		0A234FF52180CD50006ED1C2 /* Sources */ = {
			isa = PBXSourcesBuildPhase;
			buildActionMask = 2147483647;
			files = (
				0A234FFE2180CD50006ED1C2 /* dic_test2UITests.swift in Sources */,
			);
			runOnlyForDeploymentPostprocessing = 0;
		};
/* End PBXSourcesBuildPhase section */

/* Begin PBXTargetDependency section */
		0A234FF02180CD50006ED1C2 /* PBXTargetDependency */ = {
			isa = PBXTargetDependency;
			target = 0A234FD92180CD50006ED1C2 /* dic_test2 */;
			targetProxy = 0A234FEF2180CD50006ED1C2 /* PBXContainerItemProxy */;
		};
		0A234FFB2180CD50006ED1C2 /* PBXTargetDependency */ = {
			isa = PBXTargetDependency;
			target = 0A234FD92180CD50006ED1C2 /* dic_test2 */;
			targetProxy = 0A234FFA2180CD50006ED1C2 /* PBXContainerItemProxy */;
		};
/* End PBXTargetDependency section */

/* Begin PBXVariantGroup section */
		0A234FE12180CD50006ED1C2 /* Main.storyboard */ = {
			isa = PBXVariantGroup;
			children = (
				0A234FE22180CD50006ED1C2 /* Base */,
			);
			name = Main.storyboard;
			sourceTree = "<group>";
		};
		0A234FE62180CD50006ED1C2 /* LaunchScreen.storyboard */ = {
			isa = PBXVariantGroup;
			children = (
				0A234FE72180CD50006ED1C2 /* Base */,
			);
			name = LaunchScreen.storyboard;
			sourceTree = "<group>";
		};
/* End PBXVariantGroup section */

/* Begin XCBuildConfiguration section */
		0A2350002180CD50006ED1C2 /* Debug */ = {
			isa = XCBuildConfiguration;
			buildSettings = {
				ALWAYS_SEARCH_USER_PATHS = NO;
				CLANG_ANALYZER_NONNULL = YES;
				CLANG_ANALYZER_NUMBER_OBJECT_CONVERSION = YES_AGGRESSIVE;
				CLANG_CXX_LANGUAGE_STANDARD = "gnu++14";
				CLANG_CXX_LIBRARY = "libc++";
				CLANG_ENABLE_MODULES = YES;
				CLANG_ENABLE_OBJC_ARC = YES;
				CLANG_WARN_BLOCK_CAPTURE_AUTORELEASING = YES;
				CLANG_WARN_BOOL_CONVERSION = YES;
				CLANG_WARN_COMMA = YES;
				CLANG_WARN_CONSTANT_CONVERSION = YES;
				CLANG_WARN_DIRECT_OBJC_ISA_USAGE = YES_ERROR;
				CLANG_WARN_DOCUMENTATION_COMMENTS = YES;
				CLANG_WARN_EMPTY_BODY = YES;
				CLANG_WARN_ENUM_CONVERSION = YES;
				CLANG_WARN_INFINITE_RECURSION = YES;
				CLANG_WARN_INT_CONVERSION = YES;
				CLANG_WARN_NON_LITERAL_NULL_CONVERSION = YES;
				CLANG_WARN_OBJC_LITERAL_CONVERSION = YES;
				CLANG_WARN_OBJC_ROOT_CLASS = YES_ERROR;
				CLANG_WARN_RANGE_LOOP_ANALYSIS = YES;
				CLANG_WARN_STRICT_PROTOTYPES = YES;
				CLANG_WARN_SUSPICIOUS_MOVE = YES;
				CLANG_WARN_UNGUARDED_AVAILABILITY = YES_AGGRESSIVE;
				CLANG_WARN_UNREACHABLE_CODE = YES;
				CLANG_WARN__DUPLICATE_METHOD_MATCH = YES;
				CODE_SIGN_IDENTITY = "iPhone Developer";
				COPY_PHASE_STRIP = NO;
				DEBUG_INFORMATION_FORMAT = dwarf;
				ENABLE_STRICT_OBJC_MSGSEND = YES;
				ENABLE_TESTABILITY = YES;
				GCC_C_LANGUAGE_STANDARD = gnu11;
				GCC_DYNAMIC_NO_PIC = NO;
				GCC_NO_COMMON_BLOCKS = YES;
				GCC_OPTIMIZATION_LEVEL = 0;
				GCC_PREPROCESSOR_DEFINITIONS = (
					"DEBUG=1",
					"$(inherited)",
				);
				GCC_WARN_64_TO_32_BIT_CONVERSION = YES;
				GCC_WARN_ABOUT_RETURN_TYPE = YES_ERROR;
				GCC_WARN_UNDECLARED_SELECTOR = YES;
				GCC_WARN_UNINITIALIZED_AUTOS = YES_AGGRESSIVE;
				GCC_WARN_UNUSED_FUNCTION = YES;
				GCC_WARN_UNUSED_VARIABLE = YES;
				IPHONEOS_DEPLOYMENT_TARGET = 11.2;
				MTL_ENABLE_DEBUG_INFO = YES;
				ONLY_ACTIVE_ARCH = YES;
				SDKROOT = iphoneos;
				SWIFT_ACTIVE_COMPILATION_CONDITIONS = DEBUG;
				SWIFT_OPTIMIZATION_LEVEL = "-Onone";
			};
			name = Debug;
		};
		0A2350012180CD50006ED1C2 /* Release */ = {
			isa = XCBuildConfiguration;
			buildSettings = {
				ALWAYS_SEARCH_USER_PATHS = NO;
				CLANG_ANALYZER_NONNULL = YES;
				CLANG_ANALYZER_NUMBER_OBJECT_CONVERSION = YES_AGGRESSIVE;
				CLANG_CXX_LANGUAGE_STANDARD = "gnu++14";
				CLANG_CXX_LIBRARY = "libc++";
				CLANG_ENABLE_MODULES = YES;
				CLANG_ENABLE_OBJC_ARC = YES;
				CLANG_WARN_BLOCK_CAPTURE_AUTORELEASING = YES;
				CLANG_WARN_BOOL_CONVERSION = YES;
				CLANG_WARN_COMMA = YES;
				CLANG_WARN_CONSTANT_CONVERSION = YES;
				CLANG_WARN_DIRECT_OBJC_ISA_USAGE = YES_ERROR;
				CLANG_WARN_DOCUMENTATION_COMMENTS = YES;
				CLANG_WARN_EMPTY_BODY = YES;
				CLANG_WARN_ENUM_CONVERSION = YES;
				CLANG_WARN_INFINITE_RECURSION = YES;
				CLANG_WARN_INT_CONVERSION = YES;
				CLANG_WARN_NON_LITERAL_NULL_CONVERSION = YES;
				CLANG_WARN_OBJC_LITERAL_CONVERSION = YES;
				CLANG_WARN_OBJC_ROOT_CLASS = YES_ERROR;
				CLANG_WARN_RANGE_LOOP_ANALYSIS = YES;
				CLANG_WARN_STRICT_PROTOTYPES = YES;
				CLANG_WARN_SUSPICIOUS_MOVE = YES;
				CLANG_WARN_UNGUARDED_AVAILABILITY = YES_AGGRESSIVE;
				CLANG_WARN_UNREACHABLE_CODE = YES;
				CLANG_WARN__DUPLICATE_METHOD_MATCH = YES;
				CODE_SIGN_IDENTITY = "iPhone Developer";
				COPY_PHASE_STRIP = NO;
				DEBUG_INFORMATION_FORMAT = "dwarf-with-dsym";
				ENABLE_NS_ASSERTIONS = NO;
				ENABLE_STRICT_OBJC_MSGSEND = YES;
				GCC_C_LANGUAGE_STANDARD = gnu11;
				GCC_NO_COMMON_BLOCKS = YES;
				GCC_WARN_64_TO_32_BIT_CONVERSION = YES;
				GCC_WARN_ABOUT_RETURN_TYPE = YES_ERROR;
				GCC_WARN_UNDECLARED_SELECTOR = YES;
				GCC_WARN_UNINITIALIZED_AUTOS = YES_AGGRESSIVE;
				GCC_WARN_UNUSED_FUNCTION = YES;
				GCC_WARN_UNUSED_VARIABLE = YES;
				IPHONEOS_DEPLOYMENT_TARGET = 11.2;
				MTL_ENABLE_DEBUG_INFO = NO;
				SDKROOT = iphoneos;
				SWIFT_OPTIMIZATION_LEVEL = "-Owholemodule";
				VALIDATE_PRODUCT = YES;
			};
			name = Release;
		};
		0A2350032180CD50006ED1C2 /* Debug */ = {
			isa = XCBuildConfiguration;
			buildSettings = {
				ASSETCATALOG_COMPILER_APPICON_NAME = AppIcon;
				CODE_SIGN_STYLE = Automatic;
				INFOPLIST_FILE = dic_test2/Info.plist;
				LD_RUNPATH_SEARCH_PATHS = "$(inherited) @executable_path/Frameworks";
				PRODUCT_BUNDLE_IDENTIFIER = "test.dic-test2";
				PRODUCT_NAME = "$(TARGET_NAME)";
				SWIFT_VERSION = 4.0;
				TARGETED_DEVICE_FAMILY = "1,2";
			};
			name = Debug;
		};
		0A2350042180CD50006ED1C2 /* Release */ = {
			isa = XCBuildConfiguration;
			buildSettings = {
				ASSETCATALOG_COMPILER_APPICON_NAME = AppIcon;
				CODE_SIGN_STYLE = Automatic;
				INFOPLIST_FILE = dic_test2/Info.plist;
				LD_RUNPATH_SEARCH_PATHS = "$(inherited) @executable_path/Frameworks";
				PRODUCT_BUNDLE_IDENTIFIER = "test.dic-test2";
				PRODUCT_NAME = "$(TARGET_NAME)";
				SWIFT_VERSION = 4.0;
				TARGETED_DEVICE_FAMILY = "1,2";
			};
			name = Release;
		};
		0A2350062180CD50006ED1C2 /* Debug */ = {
			isa = XCBuildConfiguration;
			buildSettings = {
				ALWAYS_EMBED_SWIFT_STANDARD_LIBRARIES = YES;
				BUNDLE_LOADER = "$(TEST_HOST)";
				CODE_SIGN_STYLE = Automatic;
				INFOPLIST_FILE = dic_test2Tests/Info.plist;
				LD_RUNPATH_SEARCH_PATHS = "$(inherited) @executable_path/Frameworks @loader_path/Frameworks";
				PRODUCT_BUNDLE_IDENTIFIER = "test.dic-test2Tests";
				PRODUCT_NAME = "$(TARGET_NAME)";
				SWIFT_VERSION = 4.0;
				TARGETED_DEVICE_FAMILY = "1,2";
				TEST_HOST = "$(BUILT_PRODUCTS_DIR)/dic_test2.app/dic_test2";
			};
			name = Debug;
		};
		0A2350072180CD50006ED1C2 /* Release */ = {
			isa = XCBuildConfiguration;
			buildSettings = {
				ALWAYS_EMBED_SWIFT_STANDARD_LIBRARIES = YES;
				BUNDLE_LOADER = "$(TEST_HOST)";
				CODE_SIGN_STYLE = Automatic;
				INFOPLIST_FILE = dic_test2Tests/Info.plist;
				LD_RUNPATH_SEARCH_PATHS = "$(inherited) @executable_path/Frameworks @loader_path/Frameworks";
				PRODUCT_BUNDLE_IDENTIFIER = "test.dic-test2Tests";
				PRODUCT_NAME = "$(TARGET_NAME)";
				SWIFT_VERSION = 4.0;
				TARGETED_DEVICE_FAMILY = "1,2";
				TEST_HOST = "$(BUILT_PRODUCTS_DIR)/dic_test2.app/dic_test2";
			};
			name = Release;
		};
		0A2350092180CD50006ED1C2 /* Debug */ = {
			isa = XCBuildConfiguration;
			buildSettings = {
				ALWAYS_EMBED_SWIFT_STANDARD_LIBRARIES = YES;
				CODE_SIGN_STYLE = Automatic;
				INFOPLIST_FILE = dic_test2UITests/Info.plist;
				LD_RUNPATH_SEARCH_PATHS = "$(inherited) @executable_path/Frameworks @loader_path/Frameworks";
				PRODUCT_BUNDLE_IDENTIFIER = "test.dic-test2UITests";
				PRODUCT_NAME = "$(TARGET_NAME)";
				SWIFT_VERSION = 4.0;
				TARGETED_DEVICE_FAMILY = "1,2";
				TEST_TARGET_NAME = dic_test2;
			};
			name = Debug;
		};
		0A23500A2180CD50006ED1C2 /* Release */ = {
			isa = XCBuildConfiguration;
			buildSettings = {
				ALWAYS_EMBED_SWIFT_STANDARD_LIBRARIES = YES;
				CODE_SIGN_STYLE = Automatic;
				INFOPLIST_FILE = dic_test2UITests/Info.plist;
				LD_RUNPATH_SEARCH_PATHS = "$(inherited) @executable_path/Frameworks @loader_path/Frameworks";
				PRODUCT_BUNDLE_IDENTIFIER = "test.dic-test2UITests";
				PRODUCT_NAME = "$(TARGET_NAME)";
				SWIFT_VERSION = 4.0;
				TARGETED_DEVICE_FAMILY = "1,2";
				TEST_TARGET_NAME = dic_test2;
			};
			name = Release;
		};
/* End XCBuildConfiguration section */

/* Begin XCConfigurationList section */
		0A234FD52180CD50006ED1C2 /* Build configuration list for PBXProject "dic_test2" */ = {
			isa = XCConfigurationList;
			buildConfigurations = (
				0A2350002180CD50006ED1C2 /* Debug */,
				0A2350012180CD50006ED1C2 /* Release */,
			);
			defaultConfigurationIsVisible = 0;
			defaultConfigurationName = Release;
		};
		0A2350022180CD50006ED1C2 /* Build configuration list for PBXNativeTarget "dic_test2" */ = {
			isa = XCConfigurationList;
			buildConfigurations = (
				0A2350032180CD50006ED1C2 /* Debug */,
				0A2350042180CD50006ED1C2 /* Release */,
			);
			defaultConfigurationIsVisible = 0;
			defaultConfigurationName = Release;
		};
		0A2350052180CD50006ED1C2 /* Build configuration list for PBXNativeTarget "dic_test2Tests" */ = {
			isa = XCConfigurationList;
			buildConfigurations = (
				0A2350062180CD50006ED1C2 /* Debug */,
				0A2350072180CD50006ED1C2 /* Release */,
			);
			defaultConfigurationIsVisible = 0;
			defaultConfigurationName = Release;
		};
		0A2350082180CD50006ED1C2 /* Build configuration list for PBXNativeTarget "dic_test2UITests" */ = {
			isa = XCConfigurationList;
			buildConfigurations = (
				0A2350092180CD50006ED1C2 /* Debug */,
				0A23500A2180CD50006ED1C2 /* Release */,
			);
			defaultConfigurationIsVisible = 0;
			defaultConfigurationName = Release;
		};
/* End XCConfigurationList section */
	};
	rootObject = 0A234FD22180CD50006ED1C2 /* Project object */;
}
